
Microsoft Visual Studio Solution File, Format Version 12.00
# Visual Studio 2013
VisualStudioVersion = 12.0.30723.0
MinimumVisualStudioVersion = 10.0.40219.1
Project("{FAE04EC0-301F-11D3-BF4B-00C04F79EFBC}") = "RegionCity.DataLayer", "RegionCity.DataLayer\RegionCity.DataLayer.csproj", "{9056E354-84E2-4A0D-B3E9-A99EA9AAD199}"
EndProject
Project("{FAE04EC0-301F-11D3-BF4B-00C04F79EFBC}") = "RegionCity.WinForms", "RegionCity.WinForms\RegionCity.WinForms.csproj", "{ED50F15B-4719-4BB7-8C99-CD45A2BD1E75}"
EndProject
Global
	GlobalSection(SolutionConfigurationPlatforms) = preSolution
		Debug|Any CPU = Debug|Any CPU
		Release|Any CPU = Release|Any CPU
	EndGlobalSection
	GlobalSection(ProjectConfigurationPlatforms) = postSolution
		{9056E354-84E2-4A0D-B3E9-A99EA9AAD199}.Debug|Any CPU.ActiveCfg = Debug|Any CPU
		{9056E354-84E2-4A0D-B3E9-A99EA9AAD199}.Debug|Any CPU.Build.0 = Debug|Any CPU
		{9056E354-84E2-4A0D-B3E9-A99EA9AAD199}.Release|Any CPU.ActiveCfg = Release|Any CPU
		{9056E354-84E2-4A0D-B3E9-A99EA9AAD199}.Release|Any CPU.Build.0 = Release|Any CPU
		{ED50F15B-4719-4BB7-8C99-CD45A2BD1E75}.Debug|Any CPU.ActiveCfg = Debug|Any CPU
		{ED50F15B-4719-4BB7-8C99-CD45A2BD1E75}.Debug|Any CPU.Build.0 = Debug|Any CPU
		{ED50F15B-4719-4BB7-8C99-CD45A2BD1E75}.Release|Any CPU.ActiveCfg = Release|Any CPU
		{ED50F15B-4719-4BB7-8C99-CD45A2BD1E75}.Release|Any CPU.Build.0 = Release|Any CPU
	EndGlobalSection
	GlobalSection(SolutionProperties) = preSolution
		HideSolutionNode = FALSE
	EndGlobalSection
EndGlobal
